
Microsoft Visual Studio Solution File, Format Version 12.00
# Visual Studio Version 17
VisualStudioVersion = 17.5.002.0
MinimumVisualStudioVersion = 10.0.40219.1
Project("{9A19103F-16F7-4668-BE54-9A1E7A4F7556}") = "calculadora.xunit", "calculadora.xunit.csproj", "{36DB75E1-326E-4B4D-A2C2-3F6814267EAB}"
EndProject
Global
	GlobalSection(SolutionConfigurationPlatforms) = preSolution
		Debug|Any CPU = Debug|Any CPU
		Release|Any CPU = Release|Any CPU
	EndGlobalSection
	GlobalSection(ProjectConfigurationPlatforms) = postSolution
		{36DB75E1-326E-4B4D-A2C2-3F6814267EAB}.Debug|Any CPU.ActiveCfg = Debug|Any CPU
		{36DB75E1-326E-4B4D-A2C2-3F6814267EAB}.Debug|Any CPU.Build.0 = Debug|Any CPU
		{36DB75E1-326E-4B4D-A2C2-3F6814267EAB}.Release|Any CPU.ActiveCfg = Release|Any CPU
		{36DB75E1-326E-4B4D-A2C2-3F6814267EAB}.Release|Any CPU.Build.0 = Release|Any CPU
	EndGlobalSection
	GlobalSection(SolutionProperties) = preSolution
		HideSolutionNode = FALSE
	EndGlobalSection
	GlobalSection(ExtensibilityGlobals) = postSolution
		SolutionGuid = {7E880C20-C2C4-4A68-8CFE-4228B264007D}
	EndGlobalSection
EndGlobal
